
Microsoft Visual Studio Solution File, Format Version 12.00
# Visual Studio Version 17
VisualStudioVersion = 17.9.34728.123
MinimumVisualStudioVersion = 10.0.40219.1
Project("{FAE04EC0-301F-11D3-BF4B-00C04F79EFBC}") = "matrix", "matrix.csproj", "{76B13F9E-B6A3-45B1-B04B-2C6E3F22C3FB}"
EndProject
Global
	GlobalSection(SolutionConfigurationPlatforms) = preSolution
		Debug|Any CPU = Debug|Any CPU
		Release|Any CPU = Release|Any CPU
	EndGlobalSection
	GlobalSection(ProjectConfigurationPlatforms) = postSolution
		{76B13F9E-B6A3-45B1-B04B-2C6E3F22C3FB}.Debug|Any CPU.ActiveCfg = Debug|Any CPU
		{76B13F9E-B6A3-45B1-B04B-2C6E3F22C3FB}.Debug|Any CPU.Build.0 = Debug|Any CPU
		{76B13F9E-B6A3-45B1-B04B-2C6E3F22C3FB}.Release|Any CPU.ActiveCfg = Release|Any CPU
		{76B13F9E-B6A3-45B1-B04B-2C6E3F22C3FB}.Release|Any CPU.Build.0 = Release|Any CPU
	EndGlobalSection
	GlobalSection(SolutionProperties) = preSolution
		HideSolutionNode = FALSE
	EndGlobalSection
	GlobalSection(ExtensibilityGlobals) = postSolution
		SolutionGuid = {9DBCC35F-66D1-465F-BCD5-FA73F40ACC1F}
	EndGlobalSection
EndGlobal
